# This file is machine-generated by `gh actions-lock`.
# Do not edit by hand; run `gh actions-lock` to update.
# Docs: https://gh.io/actions-lockfile
version: 'v0.0.2'
workflows:
    '.github/workflows/codeql.yml':
        - 'actions/checkout@v7.0.1'
        - 'github/codeql-action@v4.37.4'
    '.github/workflows/governance.yml': []
    '.github/workflows/guix-nix-policy.yml':
        - 'actions/checkout@v7.0.1'
    '.github/workflows/hypatia-scan.yml': []
    '.github/workflows/instant-sync.yml':
        - 'peter-evans/repository-dispatch@v4.0.1'
    '.github/workflows/mirror.yml': []
    '.github/workflows/push-email-notify.yml':
        - 'dawidd6/action-send-mail@v3.12.0'
    '.github/workflows/quality.yml':
        - 'actions/checkout@v7.0.1'
        - 'editorconfig-checker/action-editorconfig-checker@v2.2.0'
        - 'trufflesecurity/trufflehog@v3.96.0'
    '.github/workflows/rsr-antipattern.yml':
        - 'actions/checkout@v7.0.1'
    '.github/workflows/runtime-policy.yml':
        - 'actions/checkout@v7.0.1'
    '.github/workflows/rust-ci.yml': []
    '.github/workflows/scorecard.yml': []
    '.github/workflows/secret-scanner.yml': []
    '.github/workflows/security-policy.yml':
        - 'actions/checkout@v7.0.1'
    '.github/workflows/wellknown-enforcement.yml':
        - 'actions/checkout@v7.0.1'
    '.github/workflows/workflow-linter.yml':
        - 'actions/checkout@v7.0.1'
dependencies:
    'actions/checkout@v7.0.1':
        ref: 'v7.0.1'
        commit: 'sha1-3d3c42e5aac5ba805825da76410c181273ba90b1'
        owner_id: 44036562
        repo_id: 197814629
    'dawidd6/action-send-mail@v3.12.0':
        ref: 'v3.12.0'
        commit: 'sha1-2e600f3776677e493bf0da7aaec39a586d19a5ed'
        owner_id: 9713907
        repo_id: 222439721
    'editorconfig-checker/action-editorconfig-checker@v2.2.0':
        ref: 'v2.2.0'
        commit: 'sha1-840e866d93b8e032123c23bac69dece044d4d84c'
        owner_id: 26415196
        repo_id: 297874902
    'github/codeql-action@v4.37.4':
        ref: 'v4.37.4'
        commit: 'sha1-f205ea1c3313d32999d8d6a48b4f6530d4437b38'
        owner_id: 9919
        repo_id: 259445878
    'peter-evans/repository-dispatch@v4.0.1':
        ref: 'v4.0.1'
        commit: 'sha1-28959ce8df70de7be546dd1250a005dd32156697'
        owner_id: 18365890
        repo_id: 220359305
    'trufflesecurity/trufflehog@v3.96.0':
        ref: 'v3.96.0'
        commit: 'sha1-6f3c981e7b77f235fd2702dd74af25fc4b72bf11'
        owner_id: 79229934
        repo_id: 77726177
